
Microsoft Visual Studio Solution File, Format Version 12.00
# Visual Studio Version 16
VisualStudioVersion = 16.0.30320.27
MinimumVisualStudioVersion = 10.0.40219.1
Project("{FAE04EC0-301F-11D3-BF4B-00C04F79EFBC}") = "BugTracker", "ProyectoBugs\BugTracker.csproj", "{8E9A58EF-86B9-4D81-8410-B46C79DE146D}"
EndProject
Global
	GlobalSection(SolutionConfigurationPlatforms) = preSolution
		Debug|Any CPU = Debug|Any CPU
		Release|Any CPU = Release|Any CPU
	EndGlobalSection
	GlobalSection(ProjectConfigurationPlatforms) = postSolution
		{8E9A58EF-86B9-4D81-8410-B46C79DE146D}.Debug|Any CPU.ActiveCfg = Debug|Any CPU
		{8E9A58EF-86B9-4D81-8410-B46C79DE146D}.Debug|Any CPU.Build.0 = Debug|Any CPU
		{8E9A58EF-86B9-4D81-8410-B46C79DE146D}.Release|Any CPU.ActiveCfg = Release|Any CPU
		{8E9A58EF-86B9-4D81-8410-B46C79DE146D}.Release|Any CPU.Build.0 = Release|Any CPU
	EndGlobalSection
	GlobalSection(SolutionProperties) = preSolution
		HideSolutionNode = FALSE
	EndGlobalSection
	GlobalSection(ExtensibilityGlobals) = postSolution
		SolutionGuid = {BF4DFE61-0DB7-41D0-AAE8-5DF35E352742}
	EndGlobalSection
EndGlobal
